lockfileVersion: '6.0'

settings:
  autoInstallPeers: true
  excludeLinksFromLockfile: false

dependencies:
  loadsh:
    specifier: ^0.0.4
    version: 0.0.4

packages:

  /loadsh@0.0.4:
    resolution: {integrity: sha512-U+wLL8InpfRalWrr+0SuhWgGt10M4OyAk6G8xCYo2rwpiHtxZkWiFpjei0vO463ghW8LPCdhqQxXlMy2qicAEw==}
    deprecated: This is a typosquat on the popular Lodash package. This is not maintained nor is the original Lodash package.
    dev: false
